
Microsoft Visual Studio Solution File, Format Version 12.00
# Visual Studio 15
VisualStudioVersion = 15.0.28307.329
MinimumVisualStudioVersion = 10.0.40219.1
Project("{FAE04EC0-301F-11D3-BF4B-00C04F79EFBC}") = "Task4", "Task4\Task4.csproj", "{3F57C9BF-52B2-4FDD-AFE9-3BDFADA58E21}"
EndProject
Global
	GlobalSection(SolutionConfigurationPlatforms) = preSolution
		Debug|Any CPU = Debug|Any CPU
		Release|Any CPU = Release|Any CPU
	EndGlobalSection
	GlobalSection(ProjectConfigurationPlatforms) = postSolution
		{3F57C9BF-52B2-4FDD-AFE9-3BDFADA58E21}.Debug|Any CPU.ActiveCfg = Debug|Any CPU
		{3F57C9BF-52B2-4FDD-AFE9-3BDFADA58E21}.Debug|Any CPU.Build.0 = Debug|Any CPU
		{3F57C9BF-52B2-4FDD-AFE9-3BDFADA58E21}.Release|Any CPU.ActiveCfg = Release|Any CPU
		{3F57C9BF-52B2-4FDD-AFE9-3BDFADA58E21}.Release|Any CPU.Build.0 = Release|Any CPU
	EndGlobalSection
	GlobalSection(SolutionProperties) = preSolution
		HideSolutionNode = FALSE
	EndGlobalSection
	GlobalSection(ExtensibilityGlobals) = postSolution
		SolutionGuid = {53FC093A-4E5E-4623-A767-D9C8FCBC1381}
	EndGlobalSection
EndGlobal
